
Microsoft Visual Studio Solution File, Format Version 12.00
# Visual Studio Version 17
VisualStudioVersion = 17.11.35208.52
MinimumVisualStudioVersion = 10.0.40219.1
Project("{9A19103F-16F7-4668-BE54-9A1E7A4F7556}") = "Shugurov_zad4v3", "Shugurov_zad4v3.csproj", "{4E6351E2-003E-420D-89D4-9E91EA05E7D9}"
EndProject
Project("{9A19103F-16F7-4668-BE54-9A1E7A4F7556}") = "zd4.3tests", "..\zd4.3tests\zd4.3tests.csproj", "{7C960215-74D0-49EE-AA70-E40A7F209D39}"
EndProject
Global
	GlobalSection(SolutionConfigurationPlatforms) = preSolution
		Debug|Any CPU = Debug|Any CPU
		Release|Any CPU = Release|Any CPU
	EndGlobalSection
	GlobalSection(ProjectConfigurationPlatforms) = postSolution
		{4E6351E2-003E-420D-89D4-9E91EA05E7D9}.Debug|Any CPU.ActiveCfg = Debug|Any CPU
		{4E6351E2-003E-420D-89D4-9E91EA05E7D9}.Debug|Any CPU.Build.0 = Debug|Any CPU
		{4E6351E2-003E-420D-89D4-9E91EA05E7D9}.Release|Any CPU.ActiveCfg = Release|Any CPU
		{4E6351E2-003E-420D-89D4-9E91EA05E7D9}.Release|Any CPU.Build.0 = Release|Any CPU
		{7C960215-74D0-49EE-AA70-E40A7F209D39}.Debug|Any CPU.ActiveCfg = Debug|Any CPU
		{7C960215-74D0-49EE-AA70-E40A7F209D39}.Debug|Any CPU.Build.0 = Debug|Any CPU
		{7C960215-74D0-49EE-AA70-E40A7F209D39}.Release|Any CPU.ActiveCfg = Release|Any CPU
		{7C960215-74D0-49EE-AA70-E40A7F209D39}.Release|Any CPU.Build.0 = Release|Any CPU
	EndGlobalSection
	GlobalSection(SolutionProperties) = preSolution
		HideSolutionNode = FALSE
	EndGlobalSection
	GlobalSection(ExtensibilityGlobals) = postSolution
		SolutionGuid = {76A0D66C-3777-41D8-AC07-80FB54EDC730}
	EndGlobalSection
EndGlobal
