
Microsoft Visual Studio Solution File, Format Version 12.00
# Visual Studio Version 17
VisualStudioVersion = 17.11.35327.3
MinimumVisualStudioVersion = 10.0.40219.1
Project("{FAE04EC0-301F-11D3-BF4B-00C04F79EFBC}") = "Shugurov_zad4v1", "Shugurov_zad4v1\Shugurov_zad4v1.csproj", "{C067603E-92C2-4C65-951B-1C0B710FDDE0}"
EndProject
Project("{FAE04EC0-301F-11D3-BF4B-00C04F79EFBC}") = "Test_zad1", "Test_zad1\Test_zad1.csproj", "{F8430178-66AB-45E1-AFA3-46EBB0FD66E0}"
EndProject
Global
	GlobalSection(SolutionConfigurationPlatforms) = preSolution
		Debug|Any CPU = Debug|Any CPU
		Release|Any CPU = Release|Any CPU
	EndGlobalSection
	GlobalSection(ProjectConfigurationPlatforms) = postSolution
		{C067603E-92C2-4C65-951B-1C0B710FDDE0}.Debug|Any CPU.ActiveCfg = Debug|Any CPU
		{C067603E-92C2-4C65-951B-1C0B710FDDE0}.Debug|Any CPU.Build.0 = Debug|Any CPU
		{C067603E-92C2-4C65-951B-1C0B710FDDE0}.Release|Any CPU.ActiveCfg = Release|Any CPU
		{C067603E-92C2-4C65-951B-1C0B710FDDE0}.Release|Any CPU.Build.0 = Release|Any CPU
		{F8430178-66AB-45E1-AFA3-46EBB0FD66E0}.Debug|Any CPU.ActiveCfg = Debug|Any CPU
		{F8430178-66AB-45E1-AFA3-46EBB0FD66E0}.Debug|Any CPU.Build.0 = Debug|Any CPU
		{F8430178-66AB-45E1-AFA3-46EBB0FD66E0}.Release|Any CPU.ActiveCfg = Release|Any CPU
		{F8430178-66AB-45E1-AFA3-46EBB0FD66E0}.Release|Any CPU.Build.0 = Release|Any CPU
	EndGlobalSection
	GlobalSection(SolutionProperties) = preSolution
		HideSolutionNode = FALSE
	EndGlobalSection
	GlobalSection(ExtensibilityGlobals) = postSolution
		SolutionGuid = {C4252916-6E20-4B22-970C-A55B28C26ABE}
	EndGlobalSection
EndGlobal
